# This file is autogenerated, do not edit; changes may be undone by the next 'dep ensure'.


[[projects]]
  digest = "1:5d5fd4a531c228094c23afef9608d26c3df0e5447aacbec450547794d09df58a"
  name = "github.com/boltdb/bolt"
  packages = ["."]
  pruneopts = "UT"
  revision = "aa66506030b376f848667d84d2596faa8a7099ea"
  version = "v1.0"

[[projects]]
  branch = "master"
  digest = "1:1ba1d79f2810270045c328ae5d674321db34e3aae468eb4233883b473c5c0467"
  name = "github.com/golang/glog"
  packages = ["."]
  pruneopts = "UT"
  revision = "23def4e6c14b4da8ac2ed8007337bc5eb5007998"

[[projects]]
  branch = "master"
  digest = "1:7a907cf852815dcecb723b532367bcc1e9f3a33e535f648ac6d81ad456ffbb46"
  name = "github.com/kidoman/embd"
  packages = ["."]
  pruneopts = "UT"
  revision = "d3d8c0c5c68dc6caccebb7d720f36e64bafd0a62"

[[projects]]
  branch = "master"
  digest = "1:35288776c4fbca20e545597678fdec0615c99e31bd07c9c86d9af03353e40030"
  name = "github.com/ziutek/emgo"
  packages = ["egroot/src/fmt"]
  pruneopts = "UT"
  revision = "713268d63e14e6b9381b1322558af53546cfc503"

[solve-meta]
  analyzer-name = "dep"
  analyzer-version = 1
  input-imports = [
    "github.com/boltdb/bolt",
    "github.com/kidoman/embd",
    "github.com/ziutek/emgo/egroot/src/fmt",
  ]
  solver-name = "gps-cdcl"
  solver-version = 1
